
Microsoft Visual Studio Solution File, Format Version 12.00
# Visual Studio Version 17
VisualStudioVersion = 17.7.34221.43
MinimumVisualStudioVersion = 10.0.40219.1
Project("{FAE04EC0-301F-11D3-BF4B-00C04F79EFBC}") = "WpfApp1", "WpfApp1\WpfApp1.csproj", "{764716A4-86DA-4ED2-B22B-CBE3247F260E}"
EndProject
Global
	GlobalSection(SolutionConfigurationPlatforms) = preSolution
		Debug|Any CPU = Debug|Any CPU
		Release|Any CPU = Release|Any CPU
	EndGlobalSection
	GlobalSection(ProjectConfigurationPlatforms) = postSolution
		{764716A4-86DA-4ED2-B22B-CBE3247F260E}.Debug|Any CPU.ActiveCfg = Debug|Any CPU
		{764716A4-86DA-4ED2-B22B-CBE3247F260E}.Debug|Any CPU.Build.0 = Debug|Any CPU
		{764716A4-86DA-4ED2-B22B-CBE3247F260E}.Release|Any CPU.ActiveCfg = Release|Any CPU
		{764716A4-86DA-4ED2-B22B-CBE3247F260E}.Release|Any CPU.Build.0 = Release|Any CPU
	EndGlobalSection
	GlobalSection(SolutionProperties) = preSolution
		HideSolutionNode = FALSE
	EndGlobalSection
	GlobalSection(ExtensibilityGlobals) = postSolution
		SolutionGuid = {3E2AE8FA-F6B2-42A0-AF65-1CB514120AF0}
	EndGlobalSection
EndGlobal
